// !$*UTF8*$!
{
	archiveVersion = 1;
	classes = {
	};
	objectVersion = 50;
	objects = {

/* Begin PBXBuildFile section */
		13527395B9FF79093B35FB11 /* Pods_AudioPlayer.framework in Frameworks */ = {isa = PBXBuildFile; fileRef = B6C5742BB923FE82E6F50B70 /* Pods_AudioPlayer.framework */; };
		7E3BEBFC21F0B92B005F9529 /* AppDelegate.swift in Sources */ = {isa = PBXBuildFile; fileRef = 7E3BEBFB21F0B92B005F9529 /* AppDelegate.swift */; };
		7E3BEBFE21F0B92B005F9529 /* ViewController.swift in Sources */ = {isa = PBXBuildFile; fileRef = 7E3BEBFD21F0B92B005F9529 /* ViewController.swift */; };
		7E3BEC0121F0B92B005F9529 /* Main.storyboard in Resources */ = {isa = PBXBuildFile; fileRef = 7E3BEBFF21F0B92B005F9529 /* Main.storyboard */; };
		7E3BEC0421F0B92B005F9529 /* AudioPlayer.xcdatamodeld in Sources */ = {isa = PBXBuildFile; fileRef = 7E3BEC0221F0B92B005F9529 /* AudioPlayer.xcdatamodeld */; };
		7E3BEC0621F0B930005F9529 /* Assets.xcassets in Resources */ = {isa = PBXBuildFile; fileRef = 7E3BEC0521F0B930005F9529 /* Assets.xcassets */; };
		7E3BEC0921F0B930005F9529 /* LaunchScreen.storyboard in Resources */ = {isa = PBXBuildFile; fileRef = 7E3BEC0721F0B930005F9529 /* LaunchScreen.storyboard */; };
		7E3BEC1421F0B930005F9529 /* AudioPlayerTests.swift in Sources */ = {isa = PBXBuildFile; fileRef = 7E3BEC1321F0B930005F9529 /* AudioPlayerTests.swift */; };
		7E3BEC1F21F0B930005F9529 /* AudioPlayerUITests.swift in Sources */ = {isa = PBXBuildFile; fileRef = 7E3BEC1E21F0B930005F9529 /* AudioPlayerUITests.swift */; };
		C367196A95B0A9C0DEEE6B67 /* Pods_AudioPlayerTests.framework in Frameworks */ = {isa = PBXBuildFile; fileRef = 59D28ACC197F348A30673C51 /* Pods_AudioPlayerTests.framework */; };
		E6E357D79C34A0FDFAD172EE /* Pods_AudioPlayerUITests.framework in Frameworks */ = {isa = PBXBuildFile; fileRef = 1C6FA3C5B25159F8DD5CDF72 /* Pods_AudioPlayerUITests.framework */; };
/* End PBXBuildFile section */

/* Begin PBXContainerItemProxy section */
		7E3BEC1021F0B930005F9529 /* PBXContainerItemProxy */ = {
			isa = PBXContainerItemProxy;
			containerPortal = 7E3BEBF021F0B92A005F9529 /* Project object */;
			proxyType = 1;
			remoteGlobalIDString = 7E3BEBF721F0B92B005F9529;
			remoteInfo = AudioPlayer;
		};
		7E3BEC1B21F0B930005F9529 /* PBXContainerItemProxy */ = {
			isa = PBXContainerItemProxy;
			containerPortal = 7E3BEBF021F0B92A005F9529 /* Project object */;
			proxyType = 1;
			remoteGlobalIDString = 7E3BEBF721F0B92B005F9529;
			remoteInfo = AudioPlayer;
		};
/* End PBXContainerItemProxy section */

/* Begin PBXFileReference section */
		1A805AA8953CC0E07DA85F6B /* Pods-AudioPlayerTests.release.xcconfig */ = {isa = PBXFileReference; includeInIndex = 1; lastKnownFileType = text.xcconfig; name = "Pods-AudioPlayerTests.release.xcconfig"; path = "Pods/Target Support Files/Pods-AudioPlayerTests/Pods-AudioPlayerTests.release.xcconfig"; sourceTree = "<group>"; };
		1C6FA3C5B25159F8DD5CDF72 /* Pods_AudioPlayerUITests.framework */ = {isa = PBXFileReference; explicitFileType = wrapper.framework; includeInIndex = 0; path = Pods_AudioPlayerUITests.framework; sourceTree = BUILT_PRODUCTS_DIR; };
		357C8DF0511531EA4827679B /* Pods-AudioPlayer.debug.xcconfig */ = {isa = PBXFileReference; includeInIndex = 1; lastKnownFileType = text.xcconfig; name = "Pods-AudioPlayer.debug.xcconfig"; path = "Pods/Target Support Files/Pods-AudioPlayer/Pods-AudioPlayer.debug.xcconfig"; sourceTree = "<group>"; };
		58B0DCE64A9786156BBF64D4 /* Pods-AudioPlayerTests.debug.xcconfig */ = {isa = PBXFileReference; includeInIndex = 1; lastKnownFileType = text.xcconfig; name = "Pods-AudioPlayerTests.debug.xcconfig"; path = "Pods/Target Support Files/Pods-AudioPlayerTests/Pods-AudioPlayerTests.debug.xcconfig"; sourceTree = "<group>"; };
		59D28ACC197F348A30673C51 /* Pods_AudioPlayerTests.framework */ = {isa = PBXFileReference; explicitFileType = wrapper.framework; includeInIndex = 0; path = Pods_AudioPlayerTests.framework; sourceTree = BUILT_PRODUCTS_DIR; };
		64908F7665E38E8E57EF9032 /* Pods-AudioPlayerUITests.release.xcconfig */ = {isa = PBXFileReference; includeInIndex = 1; lastKnownFileType = text.xcconfig; name = "Pods-AudioPlayerUITests.release.xcconfig"; path = "Pods/Target Support Files/Pods-AudioPlayerUITests/Pods-AudioPlayerUITests.release.xcconfig"; sourceTree = "<group>"; };
		6A9B72C6CD2AEAA32CFF094A /* Pods-AudioPlayer.release.xcconfig */ = {isa = PBXFileReference; includeInIndex = 1; lastKnownFileType = text.xcconfig; name = "Pods-AudioPlayer.release.xcconfig"; path = "Pods/Target Support Files/Pods-AudioPlayer/Pods-AudioPlayer.release.xcconfig"; sourceTree = "<group>"; };
		7E3BEBF821F0B92B005F9529 /* AudioPlayer.app */ = {isa = PBXFileReference; explicitFileType = wrapper.application; includeInIndex = 0; path = AudioPlayer.app; sourceTree = BUILT_PRODUCTS_DIR; };
		7E3BEBFB21F0B92B005F9529 /* AppDelegate.swift */ = {isa = PBXFileReference; lastKnownFileType = sourcecode.swift; path = AppDelegate.swift; sourceTree = "<group>"; };
		7E3BEBFD21F0B92B005F9529 /* ViewController.swift */ = {isa = PBXFileReference; lastKnownFileType = sourcecode.swift; path = ViewController.swift; sourceTree = "<group>"; };
		7E3BEC0021F0B92B005F9529 /* Base */ = {isa = PBXFileReference; lastKnownFileType = file.storyboard; name = Base; path = Base.lproj/Main.storyboard; sourceTree = "<group>"; };
		7E3BEC0321F0B92B005F9529 /* AudioPlayer.xcdatamodel */ = {isa = PBXFileReference; lastKnownFileType = wrapper.xcdatamodel; path = AudioPlayer.xcdatamodel; sourceTree = "<group>"; };
		7E3BEC0521F0B930005F9529 /* Assets.xcassets */ = {isa = PBXFileReference; lastKnownFileType = folder.assetcatalog; path = Assets.xcassets; sourceTree = "<group>"; };
		7E3BEC0821F0B930005F9529 /* Base */ = {isa = PBXFileReference; lastKnownFileType = file.storyboard; name = Base; path = Base.lproj/LaunchScreen.storyboard; sourceTree = "<group>"; };
		7E3BEC0A21F0B930005F9529 /* Info.plist */ = {isa = PBXFileReference; lastKnownFileType = text.plist.xml; path = Info.plist; sourceTree = "<group>"; };
		7E3BEC0F21F0B930005F9529 /* AudioPlayerTests.xctest */ = {isa = PBXFileReference; explicitFileType = wrapper.cfbundle; includeInIndex = 0; path = AudioPlayerTests.xctest; sourceTree = BUILT_PRODUCTS_DIR; };
		7E3BEC1321F0B930005F9529 /* AudioPlayerTests.swift */ = {isa = PBXFileReference; lastKnownFileType = sourcecode.swift; path = AudioPlayerTests.swift; sourceTree = "<group>"; };
		7E3BEC1521F0B930005F9529 /* Info.plist */ = {isa = PBXFileReference; lastKnownFileType = text.plist.xml; path = Info.plist; sourceTree = "<group>"; };
		7E3BEC1A21F0B930005F9529 /* AudioPlayerUITests.xctest */ = {isa = PBXFileReference; explicitFileType = wrapper.cfbundle; includeInIndex = 0; path = AudioPlayerUITests.xctest; sourceTree = BUILT_PRODUCTS_DIR; };
		7E3BEC1E21F0B930005F9529 /* AudioPlayerUITests.swift */ = {isa = PBXFileReference; lastKnownFileType = sourcecode.swift; path = AudioPlayerUITests.swift; sourceTree = "<group>"; };
		7E3BEC2021F0B930005F9529 /* Info.plist */ = {isa = PBXFileReference; lastKnownFileType = text.plist.xml; path = Info.plist; sourceTree = "<group>"; };
		8B755F5EFA0AAEAD4E56EA3D /* Pods-AudioPlayerUITests.debug.xcconfig */ = {isa = PBXFileReference; includeInIndex = 1; lastKnownFileType = text.xcconfig; name = "Pods-AudioPlayerUITests.debug.xcconfig"; path = "Pods/Target Support Files/Pods-AudioPlayerUITests/Pods-AudioPlayerUITests.debug.xcconfig"; sourceTree = "<group>"; };
		B6C5742BB923FE82E6F50B70 /* Pods_AudioPlayer.framework */ = {isa = PBXFileReference; explicitFileType = wrapper.framework; includeInIndex = 0; path = Pods_AudioPlayer.framework; sourceTree = BUILT_PRODUCTS_DIR; };
/* End PBXFileReference section */

/* Begin PBXFrameworksBuildPhase section */
		7E3BEBF521F0B92B005F9529 /* Frameworks */ = {
			isa = PBXFrameworksBuildPhase;
			buildActionMask = 2147483647;
			files = (
				13527395B9FF79093B35FB11 /* Pods_AudioPlayer.framework in Frameworks */,
			);
			runOnlyForDeploymentPostprocessing = 0;
		};
		7E3BEC0C21F0B930005F9529 /* Frameworks */ = {
			isa = PBXFrameworksBuildPhase;
			buildActionMask = 2147483647;
			files = (
				C367196A95B0A9C0DEEE6B67 /* Pods_AudioPlayerTests.framework in Frameworks */,
			);
			runOnlyForDeploymentPostprocessing = 0;
		};
		7E3BEC1721F0B930005F9529 /* Frameworks */ = {
			isa = PBXFrameworksBuildPhase;
			buildActionMask = 2147483647;
			files = (
				E6E357D79C34A0FDFAD172EE /* Pods_AudioPlayerUITests.framework in Frameworks */,
			);
			runOnlyForDeploymentPostprocessing = 0;
		};
/* End PBXFrameworksBuildPhase section */

/* Begin PBXGroup section */
		0716D56B0F82F6CD3DA53530 /* Pods */ = {
			isa = PBXGroup;
			children = (
				357C8DF0511531EA4827679B /* Pods-AudioPlayer.debug.xcconfig */,
				6A9B72C6CD2AEAA32CFF094A /* Pods-AudioPlayer.release.xcconfig */,
				58B0DCE64A9786156BBF64D4 /* Pods-AudioPlayerTests.debug.xcconfig */,
				1A805AA8953CC0E07DA85F6B /* Pods-AudioPlayerTests.release.xcconfig */,
				8B755F5EFA0AAEAD4E56EA3D /* Pods-AudioPlayerUITests.debug.xcconfig */,
				64908F7665E38E8E57EF9032 /* Pods-AudioPlayerUITests.release.xcconfig */,
			);
			name = Pods;
			sourceTree = "<group>";
		};
		7E3BEBEF21F0B92A005F9529 = {
			isa = PBXGroup;
			children = (
				7E3BEBFA21F0B92B005F9529 /* AudioPlayer */,
				7E3BEC1221F0B930005F9529 /* AudioPlayerTests */,
				7E3BEC1D21F0B930005F9529 /* AudioPlayerUITests */,
				7E3BEBF921F0B92B005F9529 /* Products */,
				0716D56B0F82F6CD3DA53530 /* Pods */,
				E4EB0103FD610489053FC328 /* Frameworks */,
			);
			sourceTree = "<group>";
		};
		7E3BEBF921F0B92B005F9529 /* Products */ = {
			isa = PBXGroup;
			children = (
				7E3BEBF821F0B92B005F9529 /* AudioPlayer.app */,
				7E3BEC0F21F0B930005F9529 /* AudioPlayerTests.xctest */,
				7E3BEC1A21F0B930005F9529 /* AudioPlayerUITests.xctest */,
			);
			name = Products;
			sourceTree = "<group>";
		};
		7E3BEBFA21F0B92B005F9529 /* AudioPlayer */ = {
			isa = PBXGroup;
			children = (
				7E3BEBFB21F0B92B005F9529 /* AppDelegate.swift */,
				7E3BEBFD21F0B92B005F9529 /* ViewController.swift */,
				7E3BEBFF21F0B92B005F9529 /* Main.storyboard */,
				7E3BEC0521F0B930005F9529 /* Assets.xcassets */,
				7E3BEC0721F0B930005F9529 /* LaunchScreen.storyboard */,
				7E3BEC0A21F0B930005F9529 /* Info.plist */,
				7E3BEC0221F0B92B005F9529 /* AudioPlayer.xcdatamodeld */,
			);
			path = AudioPlayer;
			sourceTree = "<group>";
		};
		7E3BEC1221F0B930005F9529 /* AudioPlayerTests */ = {
			isa = PBXGroup;
			children = (
				7E3BEC1321F0B930005F9529 /* AudioPlayerTests.swift */,
				7E3BEC1521F0B930005F9529 /* Info.plist */,
			);
			path = AudioPlayerTests;
			sourceTree = "<group>";
		};
		7E3BEC1D21F0B930005F9529 /* AudioPlayerUITests */ = {
			isa = PBXGroup;
			children = (
				7E3BEC1E21F0B930005F9529 /* AudioPlayerUITests.swift */,
				7E3BEC2021F0B930005F9529 /* Info.plist */,
			);
			path = AudioPlayerUITests;
			sourceTree = "<group>";
		};
		E4EB0103FD610489053FC328 /* Frameworks */ = {
			isa = PBXGroup;
			children = (
				B6C5742BB923FE82E6F50B70 /* Pods_AudioPlayer.framework */,
				59D28ACC197F348A30673C51 /* Pods_AudioPlayerTests.framework */,
				1C6FA3C5B25159F8DD5CDF72 /* Pods_AudioPlayerUITests.framework */,
			);
			name = Frameworks;
			sourceTree = "<group>";
		};
/* End PBXGroup section */

/* Begin PBXNativeTarget section */
		7E3BEBF721F0B92B005F9529 /* AudioPlayer */ = {
			isa = PBXNativeTarget;
			buildConfigurationList = 7E3BEC2321F0B930005F9529 /* Build configuration list for PBXNativeTarget "AudioPlayer" */;
			buildPhases = (
				AD24A78B2C18768DD41764E7 /* [CP] Check Pods Manifest.lock */,
				7E3BEBF421F0B92B005F9529 /* Sources */,
				7E3BEBF521F0B92B005F9529 /* Frameworks */,
				7E3BEBF621F0B92B005F9529 /* Resources */,
				3A8530D2AE87A2CF13A3F3BF /* [CP] Embed Pods Frameworks */,
			);
			buildRules = (
			);
			dependencies = (
			);
			name = AudioPlayer;
			productName = AudioPlayer;
			productReference = 7E3BEBF821F0B92B005F9529 /* AudioPlayer.app */;
			productType = "com.apple.product-type.application";
		};
		7E3BEC0E21F0B930005F9529 /* AudioPlayerTests */ = {
			isa = PBXNativeTarget;
			buildConfigurationList = 7E3BEC2621F0B930005F9529 /* Build configuration list for PBXNativeTarget "AudioPlayerTests" */;
			buildPhases = (
				32423BC77000CFAC29C0B1B5 /* [CP] Check Pods Manifest.lock */,
				7E3BEC0B21F0B930005F9529 /* Sources */,
				7E3BEC0C21F0B930005F9529 /* Frameworks */,
				7E3BEC0D21F0B930005F9529 /* Resources */,
			);
			buildRules = (
			);
			dependencies = (
				7E3BEC1121F0B930005F9529 /* PBXTargetDependency */,
			);
			name = AudioPlayerTests;
			productName = AudioPlayerTests;
			productReference = 7E3BEC0F21F0B930005F9529 /* AudioPlayerTests.xctest */;
			productType = "com.apple.product-type.bundle.unit-test";
		};
		7E3BEC1921F0B930005F9529 /* AudioPlayerUITests */ = {
			isa = PBXNativeTarget;
			buildConfigurationList = 7E3BEC2921F0B930005F9529 /* Build configuration list for PBXNativeTarget "AudioPlayerUITests" */;
			buildPhases = (
				540CF9D16BBD0F1AC5449C47 /* [CP] Check Pods Manifest.lock */,
				7E3BEC1621F0B930005F9529 /* Sources */,
				7E3BEC1721F0B930005F9529 /* Frameworks */,
				7E3BEC1821F0B930005F9529 /* Resources */,
			);
			buildRules = (
			);
			dependencies = (
				7E3BEC1C21F0B930005F9529 /* PBXTargetDependency */,
			);
			name = AudioPlayerUITests;
			productName = AudioPlayerUITests;
			productReference = 7E3BEC1A21F0B930005F9529 /* AudioPlayerUITests.xctest */;
			productType = "com.apple.product-type.bundle.ui-testing";
		};
/* End PBXNativeTarget section */

/* Begin PBXProject section */
		7E3BEBF021F0B92A005F9529 /* Project object */ = {
			isa = PBXProject;
			attributes = {
				LastSwiftUpdateCheck = 1010;
				LastUpgradeCheck = 1010;
				ORGANIZATIONNAME = teranyan;
				TargetAttributes = {
					7E3BEBF721F0B92B005F9529 = {
						CreatedOnToolsVersion = 10.1;
					};
					7E3BEC0E21F0B930005F9529 = {
						CreatedOnToolsVersion = 10.1;
						TestTargetID = 7E3BEBF721F0B92B005F9529;
					};
					7E3BEC1921F0B930005F9529 = {
						CreatedOnToolsVersion = 10.1;
						TestTargetID = 7E3BEBF721F0B92B005F9529;
					};
				};
			};
			buildConfigurationList = 7E3BEBF321F0B92A005F9529 /* Build configuration list for PBXProject "AudioPlayer" */;
			compatibilityVersion = "Xcode 9.3";
			developmentRegion = en;
			hasScannedForEncodings = 0;
			knownRegions = (
				en,
				Base,
			);
			mainGroup = 7E3BEBEF21F0B92A005F9529;
			productRefGroup = 7E3BEBF921F0B92B005F9529 /* Products */;
			projectDirPath = "";
			projectRoot = "";
			targets = (
				7E3BEBF721F0B92B005F9529 /* AudioPlayer */,
				7E3BEC0E21F0B930005F9529 /* AudioPlayerTests */,
				7E3BEC1921F0B930005F9529 /* AudioPlayerUITests */,
			);
		};
/* End PBXProject section */

/* Begin PBXResourcesBuildPhase section */
		7E3BEBF621F0B92B005F9529 /* Resources */ = {
			isa = PBXResourcesBuildPhase;
			buildActionMask = 2147483647;
			files = (
				7E3BEC0921F0B930005F9529 /* LaunchScreen.storyboard in Resources */,
				7E3BEC0621F0B930005F9529 /* Assets.xcassets in Resources */,
				7E3BEC0121F0B92B005F9529 /* Main.storyboard in Resources */,
			);
			runOnlyForDeploymentPostprocessing = 0;
		};
		7E3BEC0D21F0B930005F9529 /* Resources */ = {
			isa = PBXResourcesBuildPhase;
			buildActionMask = 2147483647;
			files = (
			);
			runOnlyForDeploymentPostprocessing = 0;
		};
		7E3BEC1821F0B930005F9529 /* Resources */ = {
			isa = PBXResourcesBuildPhase;
			buildActionMask = 2147483647;
			files = (
			);
			runOnlyForDeploymentPostprocessing = 0;
		};
/* End PBXResourcesBuildPhase section */

/* Begin PBXShellScriptBuildPhase section */
		32423BC77000CFAC29C0B1B5 /* [CP] Check Pods Manifest.lock */ = {
			isa = PBXShellScriptBuildPhase;
			buildActionMask = 2147483647;
			files = (
			);
			inputPaths = (
				"${PODS_PODFILE_DIR_PATH}/Podfile.lock",
				"${PODS_ROOT}/Manifest.lock",
			);
			name = "[CP] Check Pods Manifest.lock";
			outputPaths = (
				"$(DERIVED_FILE_DIR)/Pods-AudioPlayerTests-checkManifestLockResult.txt",
			);
			runOnlyForDeploymentPostprocessing = 0;
			shellPath = /bin/sh;
			shellScript = "diff \"${PODS_PODFILE_DIR_PATH}/Podfile.lock\" \"${PODS_ROOT}/Manifest.lock\" > /dev/null\nif [ $? != 0 ] ; then\n    # print error to STDERR\n    echo \"error: The sandbox is not in sync with the Podfile.lock. Run 'pod install' or update your CocoaPods installation.\" >&2\n    exit 1\nfi\n# This output is used by Xcode 'outputs' to avoid re-running this script phase.\necho \"SUCCESS\" > \"${SCRIPT_OUTPUT_FILE_0}\"\n";
			showEnvVarsInLog = 0;
		};
		3A8530D2AE87A2CF13A3F3BF /* [CP] Embed Pods Frameworks */ = {
			isa = PBXShellScriptBuildPhase;
			buildActionMask = 2147483647;
			files = (
			);
			inputPaths = (
				"${SRCROOT}/Pods/Target Support Files/Pods-AudioPlayer/Pods-AudioPlayer-frameworks.sh",
				"${BUILT_PRODUCTS_DIR}/IGListKit/IGListKit.framework",
			);
			name = "[CP] Embed Pods Frameworks";
			outputPaths = (
				"${TARGET_BUILD_DIR}/${FRAMEWORKS_FOLDER_PATH}/IGListKit.framework",
			);
			runOnlyForDeploymentPostprocessing = 0;
			shellPath = /bin/sh;
			shellScript = "\"${SRCROOT}/Pods/Target Support Files/Pods-AudioPlayer/Pods-AudioPlayer-frameworks.sh\"\n";
			showEnvVarsInLog = 0;
		};
		540CF9D16BBD0F1AC5449C47 /* [CP] Check Pods Manifest.lock */ = {
			isa = PBXShellScriptBuildPhase;
			buildActionMask = 2147483647;
			files = (
			);
			inputPaths = (
				"${PODS_PODFILE_DIR_PATH}/Podfile.lock",
				"${PODS_ROOT}/Manifest.lock",
			);
			name = "[CP] Check Pods Manifest.lock";
			outputPaths = (
				"$(DERIVED_FILE_DIR)/Pods-AudioPlayerUITests-checkManifestLockResult.txt",
			);
			runOnlyForDeploymentPostprocessing = 0;
			shellPath = /bin/sh;
			shellScript = "diff \"${PODS_PODFILE_DIR_PATH}/Podfile.lock\" \"${PODS_ROOT}/Manifest.lock\" > /dev/null\nif [ $? != 0 ] ; then\n    # print error to STDERR\n    echo \"error: The sandbox is not in sync with the Podfile.lock. Run 'pod install' or update your CocoaPods installation.\" >&2\n    exit 1\nfi\n# This output is used by Xcode 'outputs' to avoid re-running this script phase.\necho \"SUCCESS\" > \"${SCRIPT_OUTPUT_FILE_0}\"\n";
			showEnvVarsInLog = 0;
		};
		AD24A78B2C18768DD41764E7 /* [CP] Check Pods Manifest.lock */ = {
			isa = PBXShellScriptBuildPhase;
			buildActionMask = 2147483647;
			files = (
			);
			inputPaths = (
				"${PODS_PODFILE_DIR_PATH}/Podfile.lock",
				"${PODS_ROOT}/Manifest.lock",
			);
			name = "[CP] Check Pods Manifest.lock";
			outputPaths = (
				"$(DERIVED_FILE_DIR)/Pods-AudioPlayer-checkManifestLockResult.txt",
			);
			runOnlyForDeploymentPostprocessing = 0;
			shellPath = /bin/sh;
			shellScript = "diff \"${PODS_PODFILE_DIR_PATH}/Podfile.lock\" \"${PODS_ROOT}/Manifest.lock\" > /dev/null\nif [ $? != 0 ] ; then\n    # print error to STDERR\n    echo \"error: The sandbox is not in sync with the Podfile.lock. Run 'pod install' or update your CocoaPods installation.\" >&2\n    exit 1\nfi\n# This output is used by Xcode 'outputs' to avoid re-running this script phase.\necho \"SUCCESS\" > \"${SCRIPT_OUTPUT_FILE_0}\"\n";
			showEnvVarsInLog = 0;
		};
/* End PBXShellScriptBuildPhase section */

/* Begin PBXSourcesBuildPhase section */
		7E3BEBF421F0B92B005F9529 /* Sources */ = {
			isa = PBXSourcesBuildPhase;
			buildActionMask = 2147483647;
			files = (
				7E3BEBFE21F0B92B005F9529 /* ViewController.swift in Sources */,
				7E3BEC0421F0B92B005F9529 /* AudioPlayer.xcdatamodeld in Sources */,
				7E3BEBFC21F0B92B005F9529 /* AppDelegate.swift in Sources */,
			);
			runOnlyForDeploymentPostprocessing = 0;
		};
		7E3BEC0B21F0B930005F9529 /* Sources */ = {
			isa = PBXSourcesBuildPhase;
			buildActionMask = 2147483647;
			files = (
				7E3BEC1421F0B930005F9529 /* AudioPlayerTests.swift in Sources */,
			);
			runOnlyForDeploymentPostprocessing = 0;
		};
		7E3BEC1621F0B930005F9529 /* Sources */ = {
			isa = PBXSourcesBuildPhase;
			buildActionMask = 2147483647;
			files = (
				7E3BEC1F21F0B930005F9529 /* AudioPlayerUITests.swift in Sources */,
			);
			runOnlyForDeploymentPostprocessing = 0;
		};
/* End PBXSourcesBuildPhase section */

/* Begin PBXTargetDependency section */
		7E3BEC1121F0B930005F9529 /* PBXTargetDependency */ = {
			isa = PBXTargetDependency;
			target = 7E3BEBF721F0B92B005F9529 /* AudioPlayer */;
			targetProxy = 7E3BEC1021F0B930005F9529 /* PBXContainerItemProxy */;
		};
		7E3BEC1C21F0B930005F9529 /* PBXTargetDependency */ = {
			isa = PBXTargetDependency;
			target = 7E3BEBF721F0B92B005F9529 /* AudioPlayer */;
			targetProxy = 7E3BEC1B21F0B930005F9529 /* PBXContainerItemProxy */;
		};
/* End PBXTargetDependency section */

/* Begin PBXVariantGroup section */
		7E3BEBFF21F0B92B005F9529 /* Main.storyboard */ = {
			isa = PBXVariantGroup;
			children = (
				7E3BEC0021F0B92B005F9529 /* Base */,
			);
			name = Main.storyboard;
			sourceTree = "<group>";
		};
		7E3BEC0721F0B930005F9529 /* LaunchScreen.storyboard */ = {
			isa = PBXVariantGroup;
			children = (
				7E3BEC0821F0B930005F9529 /* Base */,
			);
			name = LaunchScreen.storyboard;
			sourceTree = "<group>";
		};
/* End PBXVariantGroup section */

/* Begin XCBuildConfiguration section */
		7E3BEC2121F0B930005F9529 /* Debug */ = {
			isa = XCBuildConfiguration;
			buildSettings = {
				ALWAYS_SEARCH_USER_PATHS = NO;
				CLANG_ANALYZER_NONNULL = YES;
				CLANG_ANALYZER_NUMBER_OBJECT_CONVERSION = YES_AGGRESSIVE;
				CLANG_CXX_LANGUAGE_STANDARD = "gnu++14";
				CLANG_CXX_LIBRARY = "libc++";
				CLANG_ENABLE_MODULES = YES;
				CLANG_ENABLE_OBJC_ARC = YES;
				CLANG_ENABLE_OBJC_WEAK = YES;
				CLANG_WARN_BLOCK_CAPTURE_AUTORELEASING = YES;
				CLANG_WARN_BOOL_CONVERSION = YES;
				CLANG_WARN_COMMA = YES;
				CLANG_WARN_CONSTANT_CONVERSION = YES;
				CLANG_WARN_DEPRECATED_OBJC_IMPLEMENTATIONS = YES;
				CLANG_WARN_DIRECT_OBJC_ISA_USAGE = YES_ERROR;
				CLANG_WARN_DOCUMENTATION_COMMENTS = YES;
				CLANG_WARN_EMPTY_BODY = YES;
				CLANG_WARN_ENUM_CONVERSION = YES;
				CLANG_WARN_INFINITE_RECURSION = YES;
				CLANG_WARN_INT_CONVERSION = YES;
				CLANG_WARN_NON_LITERAL_NULL_CONVERSION = YES;
				CLANG_WARN_OBJC_IMPLICIT_RETAIN_SELF = YES;
				CLANG_WARN_OBJC_LITERAL_CONVERSION = YES;
				CLANG_WARN_OBJC_ROOT_CLASS = YES_ERROR;
				CLANG_WARN_RANGE_LOOP_ANALYSIS = YES;
				CLANG_WARN_STRICT_PROTOTYPES = YES;
				CLANG_WARN_SUSPICIOUS_MOVE = YES;
				CLANG_WARN_UNGUARDED_AVAILABILITY = YES_AGGRESSIVE;
				CLANG_WARN_UNREACHABLE_CODE = YES;
				CLANG_WARN__DUPLICATE_METHOD_MATCH = YES;
				CODE_SIGN_IDENTITY = "iPhone Developer";
				COPY_PHASE_STRIP = NO;
				DEBUG_INFORMATION_FORMAT = dwarf;
				ENABLE_STRICT_OBJC_MSGSEND = YES;
				ENABLE_TESTABILITY = YES;
				GCC_C_LANGUAGE_STANDARD = gnu11;
				GCC_DYNAMIC_NO_PIC = NO;
				GCC_NO_COMMON_BLOCKS = YES;
				GCC_OPTIMIZATION_LEVEL = 0;
				GCC_PREPROCESSOR_DEFINITIONS = (
					"DEBUG=1",
					"$(inherited)",
				);
				GCC_WARN_64_TO_32_BIT_CONVERSION = YES;
				GCC_WARN_ABOUT_RETURN_TYPE = YES_ERROR;
				GCC_WARN_UNDECLARED_SELECTOR = YES;
				GCC_WARN_UNINITIALIZED_AUTOS = YES_AGGRESSIVE;
				GCC_WARN_UNUSED_FUNCTION = YES;
				GCC_WARN_UNUSED_VARIABLE = YES;
				IPHONEOS_DEPLOYMENT_TARGET = 12.1;
				MTL_ENABLE_DEBUG_INFO = INCLUDE_SOURCE;
				MTL_FAST_MATH = YES;
				ONLY_ACTIVE_ARCH = YES;
				SDKROOT = iphoneos;
				SWIFT_ACTIVE_COMPILATION_CONDITIONS = DEBUG;
				SWIFT_OPTIMIZATION_LEVEL = "-Onone";
			};
			name = Debug;
		};
		7E3BEC2221F0B930005F9529 /* Release */ = {
			isa = XCBuildConfiguration;
			buildSettings = {
				ALWAYS_SEARCH_USER_PATHS = NO;
				CLANG_ANALYZER_NONNULL = YES;
				CLANG_ANALYZER_NUMBER_OBJECT_CONVERSION = YES_AGGRESSIVE;
				CLANG_CXX_LANGUAGE_STANDARD = "gnu++14";
				CLANG_CXX_LIBRARY = "libc++";
				CLANG_ENABLE_MODULES = YES;
				CLANG_ENABLE_OBJC_ARC = YES;
				CLANG_ENABLE_OBJC_WEAK = YES;
				CLANG_WARN_BLOCK_CAPTURE_AUTORELEASING = YES;
				CLANG_WARN_BOOL_CONVERSION = YES;
				CLANG_WARN_COMMA = YES;
				CLANG_WARN_CONSTANT_CONVERSION = YES;
				CLANG_WARN_DEPRECATED_OBJC_IMPLEMENTATIONS = YES;
				CLANG_WARN_DIRECT_OBJC_ISA_USAGE = YES_ERROR;
				CLANG_WARN_DOCUMENTATION_COMMENTS = YES;
				CLANG_WARN_EMPTY_BODY = YES;
				CLANG_WARN_ENUM_CONVERSION = YES;
				CLANG_WARN_INFINITE_RECURSION = YES;
				CLANG_WARN_INT_CONVERSION = YES;
				CLANG_WARN_NON_LITERAL_NULL_CONVERSION = YES;
				CLANG_WARN_OBJC_IMPLICIT_RETAIN_SELF = YES;
				CLANG_WARN_OBJC_LITERAL_CONVERSION = YES;
				CLANG_WARN_OBJC_ROOT_CLASS = YES_ERROR;
				CLANG_WARN_RANGE_LOOP_ANALYSIS = YES;
				CLANG_WARN_STRICT_PROTOTYPES = YES;
				CLANG_WARN_SUSPICIOUS_MOVE = YES;
				CLANG_WARN_UNGUARDED_AVAILABILITY = YES_AGGRESSIVE;
				CLANG_WARN_UNREACHABLE_CODE = YES;
				CLANG_WARN__DUPLICATE_METHOD_MATCH = YES;
				CODE_SIGN_IDENTITY = "iPhone Developer";
				COPY_PHASE_STRIP = NO;
				DEBUG_INFORMATION_FORMAT = "dwarf-with-dsym";
				ENABLE_NS_ASSERTIONS = NO;
				ENABLE_STRICT_OBJC_MSGSEND = YES;
				GCC_C_LANGUAGE_STANDARD = gnu11;
				GCC_NO_COMMON_BLOCKS = YES;
				GCC_WARN_64_TO_32_BIT_CONVERSION = YES;
				GCC_WARN_ABOUT_RETURN_TYPE = YES_ERROR;
				GCC_WARN_UNDECLARED_SELECTOR = YES;
				GCC_WARN_UNINITIALIZED_AUTOS = YES_AGGRESSIVE;
				GCC_WARN_UNUSED_FUNCTION = YES;
				GCC_WARN_UNUSED_VARIABLE = YES;
				IPHONEOS_DEPLOYMENT_TARGET = 12.1;
				MTL_ENABLE_DEBUG_INFO = NO;
				MTL_FAST_MATH = YES;
				SDKROOT = iphoneos;
				SWIFT_COMPILATION_MODE = wholemodule;
				SWIFT_OPTIMIZATION_LEVEL = "-O";
				VALIDATE_PRODUCT = YES;
			};
			name = Release;
		};
		7E3BEC2421F0B930005F9529 /* Debug */ = {
			isa = XCBuildConfiguration;
			baseConfigurationReference = 357C8DF0511531EA4827679B /* Pods-AudioPlayer.debug.xcconfig */;
			buildSettings = {
				ASSETCATALOG_COMPILER_APPICON_NAME = AppIcon;
				CODE_SIGN_STYLE = Automatic;
				DEVELOPMENT_TEAM = ZR3G7VWCS9;
				INFOPLIST_FILE = AudioPlayer/Info.plist;
				LD_RUNPATH_SEARCH_PATHS = (
					"$(inherited)",
					"@executable_path/Frameworks",
				);
				PRODUCT_BUNDLE_IDENTIFIER = com.teranyan.AudioPlayer;
				PRODUCT_NAME = "$(TARGET_NAME)";
				SWIFT_VERSION = 4.2;
				TARGETED_DEVICE_FAMILY = "1,2";
			};
			name = Debug;
		};
		7E3BEC2521F0B930005F9529 /* Release */ = {
			isa = XCBuildConfiguration;
			baseConfigurationReference = 6A9B72C6CD2AEAA32CFF094A /* Pods-AudioPlayer.release.xcconfig */;
			buildSettings = {
				ASSETCATALOG_COMPILER_APPICON_NAME = AppIcon;
				CODE_SIGN_STYLE = Automatic;
				DEVELOPMENT_TEAM = ZR3G7VWCS9;
				INFOPLIST_FILE = AudioPlayer/Info.plist;
				LD_RUNPATH_SEARCH_PATHS = (
					"$(inherited)",
					"@executable_path/Frameworks",
				);
				PRODUCT_BUNDLE_IDENTIFIER = com.teranyan.AudioPlayer;
				PRODUCT_NAME = "$(TARGET_NAME)";
				SWIFT_VERSION = 4.2;
				TARGETED_DEVICE_FAMILY = "1,2";
			};
			name = Release;
		};
		7E3BEC2721F0B930005F9529 /* Debug */ = {
			isa = XCBuildConfiguration;
			baseConfigurationReference = 58B0DCE64A9786156BBF64D4 /* Pods-AudioPlayerTests.debug.xcconfig */;
			buildSettings = {
				ALWAYS_EMBED_SWIFT_STANDARD_LIBRARIES = YES;
				BUNDLE_LOADER = "$(TEST_HOST)";
				CODE_SIGN_STYLE = Automatic;
				DEVELOPMENT_TEAM = ZR3G7VWCS9;
				INFOPLIST_FILE = AudioPlayerTests/Info.plist;
				LD_RUNPATH_SEARCH_PATHS = (
					"$(inherited)",
					"@executable_path/Frameworks",
					"@loader_path/Frameworks",
				);
				PRODUCT_BUNDLE_IDENTIFIER = com.teranyan.AudioPlayerTests;
				PRODUCT_NAME = "$(TARGET_NAME)";
				SWIFT_VERSION = 4.2;
				TARGETED_DEVICE_FAMILY = "1,2";
				TEST_HOST = "$(BUILT_PRODUCTS_DIR)/AudioPlayer.app/AudioPlayer";
			};
			name = Debug;
		};
		7E3BEC2821F0B930005F9529 /* Release */ = {
			isa = XCBuildConfiguration;
			baseConfigurationReference = 1A805AA8953CC0E07DA85F6B /* Pods-AudioPlayerTests.release.xcconfig */;
			buildSettings = {
				ALWAYS_EMBED_SWIFT_STANDARD_LIBRARIES = YES;
				BUNDLE_LOADER = "$(TEST_HOST)";
				CODE_SIGN_STYLE = Automatic;
				DEVELOPMENT_TEAM = ZR3G7VWCS9;
				INFOPLIST_FILE = AudioPlayerTests/Info.plist;
				LD_RUNPATH_SEARCH_PATHS = (
					"$(inherited)",
					"@executable_path/Frameworks",
					"@loader_path/Frameworks",
				);
				PRODUCT_BUNDLE_IDENTIFIER = com.teranyan.AudioPlayerTests;
				PRODUCT_NAME = "$(TARGET_NAME)";
				SWIFT_VERSION = 4.2;
				TARGETED_DEVICE_FAMILY = "1,2";
				TEST_HOST = "$(BUILT_PRODUCTS_DIR)/AudioPlayer.app/AudioPlayer";
			};
			name = Release;
		};
		7E3BEC2A21F0B930005F9529 /* Debug */ = {
			isa = XCBuildConfiguration;
			baseConfigurationReference = 8B755F5EFA0AAEAD4E56EA3D /* Pods-AudioPlayerUITests.debug.xcconfig */;
			buildSettings = {
				ALWAYS_EMBED_SWIFT_STANDARD_LIBRARIES = YES;
				CODE_SIGN_STYLE = Automatic;
				DEVELOPMENT_TEAM = ZR3G7VWCS9;
				INFOPLIST_FILE = AudioPlayerUITests/Info.plist;
				LD_RUNPATH_SEARCH_PATHS = (
					"$(inherited)",
					"@executable_path/Frameworks",
					"@loader_path/Frameworks",
				);
				PRODUCT_BUNDLE_IDENTIFIER = com.teranyan.AudioPlayerUITests;
				PRODUCT_NAME = "$(TARGET_NAME)";
				SWIFT_VERSION = 4.2;
				TARGETED_DEVICE_FAMILY = "1,2";
				TEST_TARGET_NAME = AudioPlayer;
			};
			name = Debug;
		};
		7E3BEC2B21F0B930005F9529 /* Release */ = {
			isa = XCBuildConfiguration;
			baseConfigurationReference = 64908F7665E38E8E57EF9032 /* Pods-AudioPlayerUITests.release.xcconfig */;
			buildSettings = {
				ALWAYS_EMBED_SWIFT_STANDARD_LIBRARIES = YES;
				CODE_SIGN_STYLE = Automatic;
				DEVELOPMENT_TEAM = ZR3G7VWCS9;
				INFOPLIST_FILE = AudioPlayerUITests/Info.plist;
				LD_RUNPATH_SEARCH_PATHS = (
					"$(inherited)",
					"@executable_path/Frameworks",
					"@loader_path/Frameworks",
				);
				PRODUCT_BUNDLE_IDENTIFIER = com.teranyan.AudioPlayerUITests;
				PRODUCT_NAME = "$(TARGET_NAME)";
				SWIFT_VERSION = 4.2;
				TARGETED_DEVICE_FAMILY = "1,2";
				TEST_TARGET_NAME = AudioPlayer;
			};
			name = Release;
		};
/* End XCBuildConfiguration section */

/* Begin XCConfigurationList section */
		7E3BEBF321F0B92A005F9529 /* Build configuration list for PBXProject "AudioPlayer" */ = {
			isa = XCConfigurationList;
			buildConfigurations = (
				7E3BEC2121F0B930005F9529 /* Debug */,
				7E3BEC2221F0B930005F9529 /* Release */,
			);
			defaultConfigurationIsVisible = 0;
			defaultConfigurationName = Release;
		};
		7E3BEC2321F0B930005F9529 /* Build configuration list for PBXNativeTarget "AudioPlayer" */ = {
			isa = XCConfigurationList;
			buildConfigurations = (
				7E3BEC2421F0B930005F9529 /* Debug */,
				7E3BEC2521F0B930005F9529 /* Release */,
			);
			defaultConfigurationIsVisible = 0;
			defaultConfigurationName = Release;
		};
		7E3BEC2621F0B930005F9529 /* Build configuration list for PBXNativeTarget "AudioPlayerTests" */ = {
			isa = XCConfigurationList;
			buildConfigurations = (
				7E3BEC2721F0B930005F9529 /* Debug */,
				7E3BEC2821F0B930005F9529 /* Release */,
			);
			defaultConfigurationIsVisible = 0;
			defaultConfigurationName = Release;
		};
		7E3BEC2921F0B930005F9529 /* Build configuration list for PBXNativeTarget "AudioPlayerUITests" */ = {
			isa = XCConfigurationList;
			buildConfigurations = (
				7E3BEC2A21F0B930005F9529 /* Debug */,
				7E3BEC2B21F0B930005F9529 /* Release */,
			);
			defaultConfigurationIsVisible = 0;
			defaultConfigurationName = Release;
		};
/* End XCConfigurationList section */

/* Begin XCVersionGroup section */
		7E3BEC0221F0B92B005F9529 /* AudioPlayer.xcdatamodeld */ = {
			isa = XCVersionGroup;
			children = (
				7E3BEC0321F0B92B005F9529 /* AudioPlayer.xcdatamodel */,
			);
			currentVersion = 7E3BEC0321F0B92B005F9529 /* AudioPlayer.xcdatamodel */;
			path = AudioPlayer.xcdatamodeld;
			sourceTree = "<group>";
			versionGroupType = wrapper.xcdatamodel;
		};
/* End XCVersionGroup section */
	};
	rootObject = 7E3BEBF021F0B92A005F9529 /* Project object */;
}
